{
  "requires": true,
  "lockfileVersion": 1,
  "dependencies": {
    "@simonwep/pickr": {
      "version": "1.2.1",
      "resolved": "https://registry.npmjs.org/@simonwep/pickr/-/pickr-1.2.1.tgz",
      "integrity": "sha512-jc2vqCkD1dHT7RUsYNcfb1bbHCdT5o/xdJrjlOnpUquox18J6NBMLKBJJJ5UIfIlFTXIct7y3z344eU5eM+oOw=="
    }
  }
}
